// !$*UTF8*$!
{
	archiveVersion = 1;
	classes = {
	};
	objectVersion = 55;
	objects = {

/* Begin PBXBuildFile section */
		F6F01DB026FEEFA900FAF952 /* AppDelegate.swift in Sources */ = {isa = PBXBuildFile; fileRef = F6F01DAF26FEEFA900FAF952 /* AppDelegate.swift */; };
		F6F01DB226FEEFA900FAF952 /* SceneDelegate.swift in Sources */ = {isa = PBXBuildFile; fileRef = F6F01DB126FEEFA900FAF952 /* SceneDelegate.swift */; };
		F6F01DB426FEEFA900FAF952 /* ViewController.swift in Sources */ = {isa = PBXBuildFile; fileRef = F6F01DB326FEEFA900FAF952 /* ViewController.swift */; };
		F6F01DB726FEEFA900FAF952 /* Main.storyboard in Resources */ = {isa = PBXBuildFile; fileRef = F6F01DB526FEEFA900FAF952 /* Main.storyboard */; };
		F6F01DB926FEEFAC00FAF952 /* Assets.xcassets in Resources */ = {isa = PBXBuildFile; fileRef = F6F01DB826FEEFAC00FAF952 /* Assets.xcassets */; };
		F6F01DBC26FEEFAC00FAF952 /* LaunchScreen.storyboard in Resources */ = {isa = PBXBuildFile; fileRef = F6F01DBA26FEEFAC00FAF952 /* LaunchScreen.storyboard */; };
		F6F01DC726FEEFAC00FAF952 /* abcTests.swift in Sources */ = {isa = PBXBuildFile; fileRef = F6F01DC626FEEFAC00FAF952 /* abcTests.swift */; };
		F6F01DD126FEEFAC00FAF952 /* abcUITests.swift in Sources */ = {isa = PBXBuildFile; fileRef = F6F01DD026FEEFAC00FAF952 /* abcUITests.swift */; };
		F6F01DD326FEEFAC00FAF952 /* abcUITestsLaunchTests.swift in Sources */ = {isa = PBXBuildFile; fileRef = F6F01DD226FEEFAC00FAF952 /* abcUITestsLaunchTests.swift */; };
/* End PBXBuildFile section */

/* Begin PBXContainerItemProxy section */
		F6F01DC326FEEFAC00FAF952 /* PBXContainerItemProxy */ = {
			isa = PBXContainerItemProxy;
			containerPortal = F6F01DA426FEEFA900FAF952 /* Project object */;
			proxyType = 1;
			remoteGlobalIDString = F6F01DAB26FEEFA900FAF952;
			remoteInfo = abc;
		};
		F6F01DCD26FEEFAC00FAF952 /* PBXContainerItemProxy */ = {
			isa = PBXContainerItemProxy;
			containerPortal = F6F01DA426FEEFA900FAF952 /* Project object */;
			proxyType = 1;
			remoteGlobalIDString = F6F01DAB26FEEFA900FAF952;
			remoteInfo = abc;
		};
/* End PBXContainerItemProxy section */

/* Begin PBXFileReference section */
		F6F01DAC26FEEFA900FAF952 /* abc.app */ = {isa = PBXFileReference; explicitFileType = wrapper.application; includeInIndex = 0; path = abc.app; sourceTree = BUILT_PRODUCTS_DIR; };
		F6F01DAF26FEEFA900FAF952 /* AppDelegate.swift */ = {isa = PBXFileReference; lastKnownFileType = sourcecode.swift; path = AppDelegate.swift; sourceTree = "<group>"; };
		F6F01DB126FEEFA900FAF952 /* SceneDelegate.swift */ = {isa = PBXFileReference; lastKnownFileType = sourcecode.swift; path = SceneDelegate.swift; sourceTree = "<group>"; };
		F6F01DB326FEEFA900FAF952 /* ViewController.swift */ = {isa = PBXFileReference; lastKnownFileType = sourcecode.swift; path = ViewController.swift; sourceTree = "<group>"; };
		F6F01DB626FEEFA900FAF952 /* Base */ = {isa = PBXFileReference; lastKnownFileType = file.storyboard; name = Base; path = Base.lproj/Main.storyboard; sourceTree = "<group>"; };
		F6F01DB826FEEFAC00FAF952 /* Assets.xcassets */ = {isa = PBXFileReference; lastKnownFileType = folder.assetcatalog; path = Assets.xcassets; sourceTree = "<group>"; };
		F6F01DBB26FEEFAC00FAF952 /* Base */ = {isa = PBXFileReference; lastKnownFileType = file.storyboard; name = Base; path = Base.lproj/LaunchScreen.storyboard; sourceTree = "<group>"; };
		F6F01DBD26FEEFAC00FAF952 /* Info.plist */ = {isa = PBXFileReference; lastKnownFileType = text.plist.xml; path = Info.plist; sourceTree = "<group>"; };
		F6F01DC226FEEFAC00FAF952 /* abcTests.xctest */ = {isa = PBXFileReference; explicitFileType = wrapper.cfbundle; includeInIndex = 0; path = abcTests.xctest; sourceTree = BUILT_PRODUCTS_DIR; };
		F6F01DC626FEEFAC00FAF952 /* abcTests.swift */ = {isa = PBXFileReference; lastKnownFileType = sourcecode.swift; path = abcTests.swift; sourceTree = "<group>"; };
		F6F01DCC26FEEFAC00FAF952 /* abcUITests.xctest */ = {isa = PBXFileReference; explicitFileType = wrapper.cfbundle; includeInIndex = 0; path = abcUITests.xctest; sourceTree = BUILT_PRODUCTS_DIR; };
		F6F01DD026FEEFAC00FAF952 /* abcUITests.swift */ = {isa = PBXFileReference; lastKnownFileType = sourcecode.swift; path = abcUITests.swift; sourceTree = "<group>"; };
		F6F01DD226FEEFAC00FAF952 /* abcUITestsLaunchTests.swift */ = {isa = PBXFileReference; lastKnownFileType = sourcecode.swift; path = abcUITestsLaunchTests.swift; sourceTree = "<group>"; };
/* End PBXFileReference section */

/* Begin PBXFrameworksBuildPhase section */
		F6F01DA926FEEFA900FAF952 /* Frameworks */ = {
			isa = PBXFrameworksBuildPhase;
			buildActionMask = 2147483647;
			files = (
			);
			runOnlyForDeploymentPostprocessing = 0;
		};
		F6F01DBF26FEEFAC00FAF952 /* Frameworks */ = {
			isa = PBXFrameworksBuildPhase;
			buildActionMask = 2147483647;
			files = (
			);
			runOnlyForDeploymentPostprocessing = 0;
		};
		F6F01DC926FEEFAC00FAF952 /* Frameworks */ = {
			isa = PBXFrameworksBuildPhase;
			buildActionMask = 2147483647;
			files = (
			);
			runOnlyForDeploymentPostprocessing = 0;
		};
/* End PBXFrameworksBuildPhase section */

/* Begin PBXGroup section */
		F6F01DA326FEEFA900FAF952 = {
			isa = PBXGroup;
			children = (
				F6F01DAE26FEEFA900FAF952 /* abc */,
				F6F01DC526FEEFAC00FAF952 /* abcTests */,
				F6F01DCF26FEEFAC00FAF952 /* abcUITests */,
				F6F01DAD26FEEFA900FAF952 /* Products */,
			);
			sourceTree = "<group>";
		};
		F6F01DAD26FEEFA900FAF952 /* Products */ = {
			isa = PBXGroup;
			children = (
				F6F01DAC26FEEFA900FAF952 /* abc.app */,
				F6F01DC226FEEFAC00FAF952 /* abcTests.xctest */,
				F6F01DCC26FEEFAC00FAF952 /* abcUITests.xctest */,
			);
			name = Products;
			sourceTree = "<group>";
		};
		F6F01DAE26FEEFA900FAF952 /* abc */ = {
			isa = PBXGroup;
			children = (
				F6F01DAF26FEEFA900FAF952 /* AppDelegate.swift */,
				F6F01DB126FEEFA900FAF952 /* SceneDelegate.swift */,
				F6F01DB326FEEFA900FAF952 /* ViewController.swift */,
				F6F01DB526FEEFA900FAF952 /* Main.storyboard */,
				F6F01DB826FEEFAC00FAF952 /* Assets.xcassets */,
				F6F01DBA26FEEFAC00FAF952 /* LaunchScreen.storyboard */,
				F6F01DBD26FEEFAC00FAF952 /* Info.plist */,
			);
			path = abc;
			sourceTree = "<group>";
		};
		F6F01DC526FEEFAC00FAF952 /* abcTests */ = {
			isa = PBXGroup;
			children = (
				F6F01DC626FEEFAC00FAF952 /* abcTests.swift */,
			);
			path = abcTests;
			sourceTree = "<group>";
		};
		F6F01DCF26FEEFAC00FAF952 /* abcUITests */ = {
			isa = PBXGroup;
			children = (
				F6F01DD026FEEFAC00FAF952 /* abcUITests.swift */,
				F6F01DD226FEEFAC00FAF952 /* abcUITestsLaunchTests.swift */,
			);
			path = abcUITests;
			sourceTree = "<group>";
		};
/* End PBXGroup section */

/* Begin PBXNativeTarget section */
		F6F01DAB26FEEFA900FAF952 /* abc */ = {
			isa = PBXNativeTarget;
			buildConfigurationList = F6F01DD626FEEFAC00FAF952 /* Build configuration list for PBXNativeTarget "abc" */;
			buildPhases = (
				F6F01DA826FEEFA900FAF952 /* Sources */,
				F6F01DA926FEEFA900FAF952 /* Frameworks */,
				F6F01DAA26FEEFA900FAF952 /* Resources */,
			);
			buildRules = (
			);
			dependencies = (
			);
			name = abc;
			productName = abc;
			productReference = F6F01DAC26FEEFA900FAF952 /* abc.app */;
			productType = "com.apple.product-type.application";
		};
		F6F01DC126FEEFAC00FAF952 /* abcTests */ = {
			isa = PBXNativeTarget;
			buildConfigurationList = F6F01DD926FEEFAC00FAF952 /* Build configuration list for PBXNativeTarget "abcTests" */;
			buildPhases = (
				F6F01DBE26FEEFAC00FAF952 /* Sources */,
				F6F01DBF26FEEFAC00FAF952 /* Frameworks */,
				F6F01DC026FEEFAC00FAF952 /* Resources */,
			);
			buildRules = (
			);
			dependencies = (
				F6F01DC426FEEFAC00FAF952 /* PBXTargetDependency */,
			);
			name = abcTests;
			productName = abcTests;
			productReference = F6F01DC226FEEFAC00FAF952 /* abcTests.xctest */;
			productType = "com.apple.product-type.bundle.unit-test";
		};
		F6F01DCB26FEEFAC00FAF952 /* abcUITests */ = {
			isa = PBXNativeTarget;
			buildConfigurationList = F6F01DDC26FEEFAC00FAF952 /* Build configuration list for PBXNativeTarget "abcUITests" */;
			buildPhases = (
				F6F01DC826FEEFAC00FAF952 /* Sources */,
				F6F01DC926FEEFAC00FAF952 /* Frameworks */,
				F6F01DCA26FEEFAC00FAF952 /* Resources */,
			);
			buildRules = (
			);
			dependencies = (
				F6F01DCE26FEEFAC00FAF952 /* PBXTargetDependency */,
			);
			name = abcUITests;
			productName = abcUITests;
			productReference = F6F01DCC26FEEFAC00FAF952 /* abcUITests.xctest */;
			productType = "com.apple.product-type.bundle.ui-testing";
		};
/* End PBXNativeTarget section */

/* Begin PBXProject section */
		F6F01DA426FEEFA900FAF952 /* Project object */ = {
			isa = PBXProject;
			attributes = {
				BuildIndependentTargetsInParallel = 1;
				LastSwiftUpdateCheck = 1300;
				LastUpgradeCheck = 1300;
				TargetAttributes = {
					F6F01DAB26FEEFA900FAF952 = {
						CreatedOnToolsVersion = 13.0;
					};
					F6F01DC126FEEFAC00FAF952 = {
						CreatedOnToolsVersion = 13.0;
						TestTargetID = F6F01DAB26FEEFA900FAF952;
					};
					F6F01DCB26FEEFAC00FAF952 = {
						CreatedOnToolsVersion = 13.0;
						TestTargetID = F6F01DAB26FEEFA900FAF952;
					};
				};
			};
			buildConfigurationList = F6F01DA726FEEFA900FAF952 /* Build configuration list for PBXProject "abc" */;
			compatibilityVersion = "Xcode 13.0";
			developmentRegion = en;
			hasScannedForEncodings = 0;
			knownRegions = (
				en,
				Base,
			);
			mainGroup = F6F01DA326FEEFA900FAF952;
			productRefGroup = F6F01DAD26FEEFA900FAF952 /* Products */;
			projectDirPath = "";
			projectRoot = "";
			targets = (
				F6F01DAB26FEEFA900FAF952 /* abc */,
				F6F01DC126FEEFAC00FAF952 /* abcTests */,
				F6F01DCB26FEEFAC00FAF952 /* abcUITests */,
			);
		};
/* End PBXProject section */

/* Begin PBXResourcesBuildPhase section */
		F6F01DAA26FEEFA900FAF952 /* Resources */ = {
			isa = PBXResourcesBuildPhase;
			buildActionMask = 2147483647;
			files = (
				F6F01DBC26FEEFAC00FAF952 /* LaunchScreen.storyboard in Resources */,
				F6F01DB926FEEFAC00FAF952 /* Assets.xcassets in Resources */,
				F6F01DB726FEEFA900FAF952 /* Main.storyboard in Resources */,
			);
			runOnlyForDeploymentPostprocessing = 0;
		};
		F6F01DC026FEEFAC00FAF952 /* Resources */ = {
			isa = PBXResourcesBuildPhase;
			buildActionMask = 2147483647;
			files = (
			);
			runOnlyForDeploymentPostprocessing = 0;
		};
		F6F01DCA26FEEFAC00FAF952 /* Resources */ = {
			isa = PBXResourcesBuildPhase;
			buildActionMask = 2147483647;
			files = (
			);
			runOnlyForDeploymentPostprocessing = 0;
		};
/* End PBXResourcesBuildPhase section */

/* Begin PBXSourcesBuildPhase section */
		F6F01DA826FEEFA900FAF952 /* Sources */ = {
			isa = PBXSourcesBuildPhase;
			buildActionMask = 2147483647;
			files = (
				F6F01DB426FEEFA900FAF952 /* ViewController.swift in Sources */,
				F6F01DB026FEEFA900FAF952 /* AppDelegate.swift in Sources */,
				F6F01DB226FEEFA900FAF952 /* SceneDelegate.swift in Sources */,
			);
			runOnlyForDeploymentPostprocessing = 0;
		};
		F6F01DBE26FEEFAC00FAF952 /* Sources */ = {
			isa = PBXSourcesBuildPhase;
			buildActionMask = 2147483647;
			files = (
				F6F01DC726FEEFAC00FAF952 /* abcTests.swift in Sources */,
			);
			runOnlyForDeploymentPostprocessing = 0;
		};
		F6F01DC826FEEFAC00FAF952 /* Sources */ = {
			isa = PBXSourcesBuildPhase;
			buildActionMask = 2147483647;
			files = (
				F6F01DD126FEEFAC00FAF952 /* abcUITests.swift in Sources */,
				F6F01DD326FEEFAC00FAF952 /* abcUITestsLaunchTests.swift in Sources */,
			);
			runOnlyForDeploymentPostprocessing = 0;
		};
/* End PBXSourcesBuildPhase section */

/* Begin PBXTargetDependency section */
		F6F01DC426FEEFAC00FAF952 /* PBXTargetDependency */ = {
			isa = PBXTargetDependency;
			target = F6F01DAB26FEEFA900FAF952 /* abc */;
			targetProxy = F6F01DC326FEEFAC00FAF952 /* PBXContainerItemProxy */;
		};
		F6F01DCE26FEEFAC00FAF952 /* PBXTargetDependency */ = {
			isa = PBXTargetDependency;
			target = F6F01DAB26FEEFA900FAF952 /* abc */;
			targetProxy = F6F01DCD26FEEFAC00FAF952 /* PBXContainerItemProxy */;
		};
/* End PBXTargetDependency section */

/* Begin PBXVariantGroup section */
		F6F01DB526FEEFA900FAF952 /* Main.storyboard */ = {
			isa = PBXVariantGroup;
			children = (
				F6F01DB626FEEFA900FAF952 /* Base */,
			);
			name = Main.storyboard;
			sourceTree = "<group>";
		};
		F6F01DBA26FEEFAC00FAF952 /* LaunchScreen.storyboard */ = {
			isa = PBXVariantGroup;
			children = (
				F6F01DBB26FEEFAC00FAF952 /* Base */,
			);
			name = LaunchScreen.storyboard;
			sourceTree = "<group>";
		};
/* End PBXVariantGroup section */

/* Begin XCBuildConfiguration section */
		F6F01DD426FEEFAC00FAF952 /* Debug */ = {
			isa = XCBuildConfiguration;
			buildSettings = {
				ALWAYS_SEARCH_USER_PATHS = NO;
				CLANG_ANALYZER_NONNULL = YES;
				CLANG_ANALYZER_NUMBER_OBJECT_CONVERSION = YES_AGGRESSIVE;
				CLANG_CXX_LANGUAGE_STANDARD = "gnu++17";
				CLANG_CXX_LIBRARY = "libc++";
				CLANG_ENABLE_MODULES = YES;
				CLANG_ENABLE_OBJC_ARC = YES;
				CLANG_ENABLE_OBJC_WEAK = YES;
				CLANG_WARN_BLOCK_CAPTURE_AUTORELEASING = YES;
				CLANG_WARN_BOOL_CONVERSION = YES;
				CLANG_WARN_COMMA = YES;
				CLANG_WARN_CONSTANT_CONVERSION = YES;
				CLANG_WARN_DEPRECATED_OBJC_IMPLEMENTATIONS = YES;
				CLANG_WARN_DIRECT_OBJC_ISA_USAGE = YES_ERROR;
				CLANG_WARN_DOCUMENTATION_COMMENTS = YES;
				CLANG_WARN_EMPTY_BODY = YES;
				CLANG_WARN_ENUM_CONVERSION = YES;
				CLANG_WARN_INFINITE_RECURSION = YES;
				CLANG_WARN_INT_CONVERSION = YES;
				CLANG_WARN_NON_LITERAL_NULL_CONVERSION = YES;
				CLANG_WARN_OBJC_IMPLICIT_RETAIN_SELF = YES;
				CLANG_WARN_OBJC_LITERAL_CONVERSION = YES;
				CLANG_WARN_OBJC_ROOT_CLASS = YES_ERROR;
				CLANG_WARN_QUOTED_INCLUDE_IN_FRAMEWORK_HEADER = YES;
				CLANG_WARN_RANGE_LOOP_ANALYSIS = YES;
				CLANG_WARN_STRICT_PROTOTYPES = YES;
				CLANG_WARN_SUSPICIOUS_MOVE = YES;
				CLANG_WARN_UNGUARDED_AVAILABILITY = YES_AGGRESSIVE;
				CLANG_WARN_UNREACHABLE_CODE = YES;
				CLANG_WARN__DUPLICATE_METHOD_MATCH = YES;
				COPY_PHASE_STRIP = NO;
				DEBUG_INFORMATION_FORMAT = dwarf;
				ENABLE_STRICT_OBJC_MSGSEND = YES;
				ENABLE_TESTABILITY = YES;
				GCC_C_LANGUAGE_STANDARD = gnu11;
				GCC_DYNAMIC_NO_PIC = NO;
				GCC_NO_COMMON_BLOCKS = YES;
				GCC_OPTIMIZATION_LEVEL = 0;
				GCC_PREPROCESSOR_DEFINITIONS = (
					"DEBUG=1",
					"$(inherited)",
				);
				GCC_WARN_64_TO_32_BIT_CONVERSION = YES;
				GCC_WARN_ABOUT_RETURN_TYPE = YES_ERROR;
				GCC_WARN_UNDECLARED_SELECTOR = YES;
				GCC_WARN_UNINITIALIZED_AUTOS = YES_AGGRESSIVE;
				GCC_WARN_UNUSED_FUNCTION = YES;
				GCC_WARN_UNUSED_VARIABLE = YES;
				IPHONEOS_DEPLOYMENT_TARGET = 15.0;
				MTL_ENABLE_DEBUG_INFO = INCLUDE_SOURCE;
				MTL_FAST_MATH = YES;
				ONLY_ACTIVE_ARCH = YES;
				SDKROOT = iphoneos;
				SWIFT_ACTIVE_COMPILATION_CONDITIONS = DEBUG;
				SWIFT_OPTIMIZATION_LEVEL = "-Onone";
			};
			name = Debug;
		};
		F6F01DD526FEEFAC00FAF952 /* Release */ = {
			isa = XCBuildConfiguration;
			buildSettings = {
				ALWAYS_SEARCH_USER_PATHS = NO;
				CLANG_ANALYZER_NONNULL = YES;
				CLANG_ANALYZER_NUMBER_OBJECT_CONVERSION = YES_AGGRESSIVE;
				CLANG_CXX_LANGUAGE_STANDARD = "gnu++17";
				CLANG_CXX_LIBRARY = "libc++";
				CLANG_ENABLE_MODULES = YES;
				CLANG_ENABLE_OBJC_ARC = YES;
				CLANG_ENABLE_OBJC_WEAK = YES;
				CLANG_WARN_BLOCK_CAPTURE_AUTORELEASING = YES;
				CLANG_WARN_BOOL_CONVERSION = YES;
				CLANG_WARN_COMMA = YES;
				CLANG_WARN_CONSTANT_CONVERSION = YES;
				CLANG_WARN_DEPRECATED_OBJC_IMPLEMENTATIONS = YES;
				CLANG_WARN_DIRECT_OBJC_ISA_USAGE = YES_ERROR;
				CLANG_WARN_DOCUMENTATION_COMMENTS = YES;
				CLANG_WARN_EMPTY_BODY = YES;
				CLANG_WARN_ENUM_CONVERSION = YES;
				CLANG_WARN_INFINITE_RECURSION = YES;
				CLANG_WARN_INT_CONVERSION = YES;
				CLANG_WARN_NON_LITERAL_NULL_CONVERSION = YES;
				CLANG_WARN_OBJC_IMPLICIT_RETAIN_SELF = YES;
				CLANG_WARN_OBJC_LITERAL_CONVERSION = YES;
				CLANG_WARN_OBJC_ROOT_CLASS = YES_ERROR;
				CLANG_WARN_QUOTED_INCLUDE_IN_FRAMEWORK_HEADER = YES;
				CLANG_WARN_RANGE_LOOP_ANALYSIS = YES;
				CLANG_WARN_STRICT_PROTOTYPES = YES;
				CLANG_WARN_SUSPICIOUS_MOVE = YES;
				CLANG_WARN_UNGUARDED_AVAILABILITY = YES_AGGRESSIVE;
				CLANG_WARN_UNREACHABLE_CODE = YES;
				CLANG_WARN__DUPLICATE_METHOD_MATCH = YES;
				COPY_PHASE_STRIP = NO;
				DEBUG_INFORMATION_FORMAT = "dwarf-with-dsym";
				ENABLE_NS_ASSERTIONS = NO;
				ENABLE_STRICT_OBJC_MSGSEND = YES;
				GCC_C_LANGUAGE_STANDARD = gnu11;
				GCC_NO_COMMON_BLOCKS = YES;
				GCC_WARN_64_TO_32_BIT_CONVERSION = YES;
				GCC_WARN_ABOUT_RETURN_TYPE = YES_ERROR;
				GCC_WARN_UNDECLARED_SELECTOR = YES;
				GCC_WARN_UNINITIALIZED_AUTOS = YES_AGGRESSIVE;
				GCC_WARN_UNUSED_FUNCTION = YES;
				GCC_WARN_UNUSED_VARIABLE = YES;
				IPHONEOS_DEPLOYMENT_TARGET = 15.0;
				MTL_ENABLE_DEBUG_INFO = NO;
				MTL_FAST_MATH = YES;
				SDKROOT = iphoneos;
				SWIFT_COMPILATION_MODE = wholemodule;
				SWIFT_OPTIMIZATION_LEVEL = "-O";
				VALIDATE_PRODUCT = YES;
			};
			name = Release;
		};
		F6F01DD726FEEFAC00FAF952 /* Debug */ = {
			isa = XCBuildConfiguration;
			buildSettings = {
				ASSETCATALOG_COMPILER_APPICON_NAME = AppIcon;
				ASSETCATALOG_COMPILER_GLOBAL_ACCENT_COLOR_NAME = AccentColor;
				CODE_SIGN_STYLE = Automatic;
				CURRENT_PROJECT_VERSION = 1;
				GENERATE_INFOPLIST_FILE = YES;
				INFOPLIST_FILE = abc/Info.plist;
				INFOPLIST_KEY_UIApplicationSupportsIndirectInputEvents = YES;
				INFOPLIST_KEY_UILaunchStoryboardName = LaunchScreen;
				INFOPLIST_KEY_UIMainStoryboardFile = Main;
				INFOPLIST_KEY_UISupportedInterfaceOrientations_iPad = "UIInterfaceOrientationPortrait UIInterfaceOrientationPortraitUpsideDown UIInterfaceOrientationLandscapeLeft UIInterfaceOrientationLandscapeRight";
				INFOPLIST_KEY_UISupportedInterfaceOrientations_iPhone = "UIInterfaceOrientationPortrait UIInterfaceOrientationLandscapeLeft UIInterfaceOrientationLandscapeRight";
				LD_RUNPATH_SEARCH_PATHS = (
					"$(inherited)",
					"@executable_path/Frameworks",
				);
				MARKETING_VERSION = 1.0;
				PRODUCT_BUNDLE_IDENTIFIER = "Don-Truong.abc";
				PRODUCT_NAME = "$(TARGET_NAME)";
				SWIFT_EMIT_LOC_STRINGS = YES;
				SWIFT_VERSION = 5.0;
				TARGETED_DEVICE_FAMILY = "1,2";
			};
			name = Debug;
		};
		F6F01DD826FEEFAC00FAF952 /* Release */ = {
			isa = XCBuildConfiguration;
			buildSettings = {
				ASSETCATALOG_COMPILER_APPICON_NAME = AppIcon;
				ASSETCATALOG_COMPILER_GLOBAL_ACCENT_COLOR_NAME = AccentColor;
				CODE_SIGN_STYLE = Automatic;
				CURRENT_PROJECT_VERSION = 1;
				GENERATE_INFOPLIST_FILE = YES;
				INFOPLIST_FILE = abc/Info.plist;
				INFOPLIST_KEY_UIApplicationSupportsIndirectInputEvents = YES;
				INFOPLIST_KEY_UILaunchStoryboardName = LaunchScreen;
				INFOPLIST_KEY_UIMainStoryboardFile = Main;
				INFOPLIST_KEY_UISupportedInterfaceOrientations_iPad = "UIInterfaceOrientationPortrait UIInterfaceOrientationPortraitUpsideDown UIInterfaceOrientationLandscapeLeft UIInterfaceOrientationLandscapeRight";
				INFOPLIST_KEY_UISupportedInterfaceOrientations_iPhone = "UIInterfaceOrientationPortrait UIInterfaceOrientationLandscapeLeft UIInterfaceOrientationLandscapeRight";
				LD_RUNPATH_SEARCH_PATHS = (
					"$(inherited)",
					"@executable_path/Frameworks",
				);
				MARKETING_VERSION = 1.0;
				PRODUCT_BUNDLE_IDENTIFIER = "Don-Truong.abc";
				PRODUCT_NAME = "$(TARGET_NAME)";
				SWIFT_EMIT_LOC_STRINGS = YES;
				SWIFT_VERSION = 5.0;
				TARGETED_DEVICE_FAMILY = "1,2";
			};
			name = Release;
		};
		F6F01DDA26FEEFAC00FAF952 /* Debug */ = {
			isa = XCBuildConfiguration;
			buildSettings = {
				ALWAYS_EMBED_SWIFT_STANDARD_LIBRARIES = YES;
				BUNDLE_LOADER = "$(TEST_HOST)";
				CODE_SIGN_STYLE = Automatic;
				CURRENT_PROJECT_VERSION = 1;
				GENERATE_INFOPLIST_FILE = YES;
				IPHONEOS_DEPLOYMENT_TARGET = 15.0;
				LD_RUNPATH_SEARCH_PATHS = (
					"$(inherited)",
					"@executable_path/Frameworks",
					"@loader_path/Frameworks",
				);
				MARKETING_VERSION = 1.0;
				PRODUCT_BUNDLE_IDENTIFIER = "Don-Truong.abcTests";
				PRODUCT_NAME = "$(TARGET_NAME)";
				SWIFT_EMIT_LOC_STRINGS = NO;
				SWIFT_VERSION = 5.0;
				TARGETED_DEVICE_FAMILY = "1,2";
				TEST_HOST = "$(BUILT_PRODUCTS_DIR)/abc.app/abc";
			};
			name = Debug;
		};
		F6F01DDB26FEEFAC00FAF952 /* Release */ = {
			isa = XCBuildConfiguration;
			buildSettings = {
				ALWAYS_EMBED_SWIFT_STANDARD_LIBRARIES = YES;
				BUNDLE_LOADER = "$(TEST_HOST)";
				CODE_SIGN_STYLE = Automatic;
				CURRENT_PROJECT_VERSION = 1;
				GENERATE_INFOPLIST_FILE = YES;
				IPHONEOS_DEPLOYMENT_TARGET = 15.0;
				LD_RUNPATH_SEARCH_PATHS = (
					"$(inherited)",
					"@executable_path/Frameworks",
					"@loader_path/Frameworks",
				);
				MARKETING_VERSION = 1.0;
				PRODUCT_BUNDLE_IDENTIFIER = "Don-Truong.abcTests";
				PRODUCT_NAME = "$(TARGET_NAME)";
				SWIFT_EMIT_LOC_STRINGS = NO;
				SWIFT_VERSION = 5.0;
				TARGETED_DEVICE_FAMILY = "1,2";
				TEST_HOST = "$(BUILT_PRODUCTS_DIR)/abc.app/abc";
			};
			name = Release;
		};
		F6F01DDD26FEEFAC00FAF952 /* Debug */ = {
			isa = XCBuildConfiguration;
			buildSettings = {
				ALWAYS_EMBED_SWIFT_STANDARD_LIBRARIES = YES;
				CODE_SIGN_STYLE = Automatic;
				CURRENT_PROJECT_VERSION = 1;
				GENERATE_INFOPLIST_FILE = YES;
				LD_RUNPATH_SEARCH_PATHS = (
					"$(inherited)",
					"@executable_path/Frameworks",
					"@loader_path/Frameworks",
				);
				MARKETING_VERSION = 1.0;
				PRODUCT_BUNDLE_IDENTIFIER = "Don-Truong.abcUITests";
				PRODUCT_NAME = "$(TARGET_NAME)";
				SWIFT_EMIT_LOC_STRINGS = NO;
				SWIFT_VERSION = 5.0;
				TARGETED_DEVICE_FAMILY = "1,2";
				TEST_TARGET_NAME = abc;
			};
			name = Debug;
		};
		F6F01DDE26FEEFAC00FAF952 /* Release */ = {
			isa = XCBuildConfiguration;
			buildSettings = {
				ALWAYS_EMBED_SWIFT_STANDARD_LIBRARIES = YES;
				CODE_SIGN_STYLE = Automatic;
				CURRENT_PROJECT_VERSION = 1;
				GENERATE_INFOPLIST_FILE = YES;
				LD_RUNPATH_SEARCH_PATHS = (
					"$(inherited)",
					"@executable_path/Frameworks",
					"@loader_path/Frameworks",
				);
				MARKETING_VERSION = 1.0;
				PRODUCT_BUNDLE_IDENTIFIER = "Don-Truong.abcUITests";
				PRODUCT_NAME = "$(TARGET_NAME)";
				SWIFT_EMIT_LOC_STRINGS = NO;
				SWIFT_VERSION = 5.0;
				TARGETED_DEVICE_FAMILY = "1,2";
				TEST_TARGET_NAME = abc;
			};
			name = Release;
		};
/* End XCBuildConfiguration section */

/* Begin XCConfigurationList section */
		F6F01DA726FEEFA900FAF952 /* Build configuration list for PBXProject "abc" */ = {
			isa = XCConfigurationList;
			buildConfigurations = (
				F6F01DD426FEEFAC00FAF952 /* Debug */,
				F6F01DD526FEEFAC00FAF952 /* Release */,
			);
			defaultConfigurationIsVisible = 0;
			defaultConfigurationName = Release;
		};
		F6F01DD626FEEFAC00FAF952 /* Build configuration list for PBXNativeTarget "abc" */ = {
			isa = XCConfigurationList;
			buildConfigurations = (
				F6F01DD726FEEFAC00FAF952 /* Debug */,
				F6F01DD826FEEFAC00FAF952 /* Release */,
			);
			defaultConfigurationIsVisible = 0;
			defaultConfigurationName = Release;
		};
		F6F01DD926FEEFAC00FAF952 /* Build configuration list for PBXNativeTarget "abcTests" */ = {
			isa = XCConfigurationList;
			buildConfigurations = (
				F6F01DDA26FEEFAC00FAF952 /* Debug */,
				F6F01DDB26FEEFAC00FAF952 /* Release */,
			);
			defaultConfigurationIsVisible = 0;
			defaultConfigurationName = Release;
		};
		F6F01DDC26FEEFAC00FAF952 /* Build configuration list for PBXNativeTarget "abcUITests" */ = {
			isa = XCConfigurationList;
			buildConfigurations = (
				F6F01DDD26FEEFAC00FAF952 /* Debug */,
				F6F01DDE26FEEFAC00FAF952 /* Release */,
			);
			defaultConfigurationIsVisible = 0;
			defaultConfigurationName = Release;
		};
/* End XCConfigurationList section */
	};
	rootObject = F6F01DA426FEEFA900FAF952 /* Project object */;
}
